PODS:
  - CalendarKit (0.13.0):
    - DateToolsSwift
    - Neon
  - DateToolsSwift (5.0.0)
  - Firebase/Auth (6.17.0):
    - Firebase/CoreOnly
    - FirebaseAuth (~> 6.4.3)
  - Firebase/CoreOnly (6.17.0):
    - FirebaseCore (= 6.6.2)
  - Firebase/Database (6.17.0):
    - Firebase/CoreOnly
    - FirebaseDatabase (~> 6.1.4)
  - Firebase/Storage (6.17.0):
    - Firebase/CoreOnly
    - FirebaseStorage (~> 3.5.0)
  - FirebaseAuth (6.4.3):
    - FirebaseAuthInterop (~> 1.0)
    - FirebaseCore (~> 6.6)
    - GoogleUtilities/AppDelegateSwizzler (~> 6.5)
    - GoogleUtilities/Environment (~> 6.5)
    - GTMSessionFetcher/Core (~> 1.1)
  - FirebaseAuthInterop (1.0.0)
  - FirebaseCore (6.6.2):
    - FirebaseCoreDiagnostics (~> 1.2)
    - FirebaseCoreDiagnosticsInterop (~> 1.2)
    - GoogleUtilities/Environment (~> 6.5)
    - GoogleUtilities/Logger (~> 6.5)
  - FirebaseCoreDiagnostics (1.2.0):
    - FirebaseCoreDiagnosticsInterop (~> 1.2)
    - GoogleDataTransportCCTSupport (~> 1.3)
    - GoogleUtilities/Environment (~> 6.5)
    - GoogleUtilities/Logger (~> 6.5)
    - nanopb (~> 0.3.901)
  - FirebaseCoreDiagnosticsInterop (1.2.0)
  - FirebaseDatabase (6.1.4):
    - FirebaseAuthInterop (~> 1.0)
    - FirebaseCore (~> 6.0)
    - leveldb-library (~> 1.22)
  - FirebaseStorage (3.5.0):
    - FirebaseAuthInterop (~> 1.0)
    - FirebaseCore (~> 6.0)
    - GTMSessionFetcher/Core (~> 1.1)
  - GoogleDataTransport (4.0.0)
  - GoogleDataTransportCCTSupport (1.4.0):
    - GoogleDataTransport (~> 4.0)
    - nanopb (~> 0.3.901)
  - GoogleUtilities/AppDelegateSwizzler (6.5.1):
    - GoogleUtilities/Environment
    - GoogleUtilities/Logger
    - GoogleUtilities/Network
  - GoogleUtilities/Environment (6.5.1)
  - GoogleUtilities/Logger (6.5.1):
    - GoogleUtilities/Environment
  - GoogleUtilities/Network (6.5.1):
    - GoogleUtilities/Logger
    - "GoogleUtilities/NSData+zlib"
    - GoogleUtilities/Reachability
  - "GoogleUtilities/NSData+zlib (6.5.1)"
  - GoogleUtilities/Reachability (6.5.1):
    - GoogleUtilities/Logger
  - GTMSessionFetcher/Core (1.3.1)
  - leveldb-library (1.22)
  - lottie-ios (3.1.6)
  - nanopb (0.3.9011):
    - nanopb/decode (= 0.3.9011)
    - nanopb/encode (= 0.3.9011)
  - nanopb/decode (0.3.9011)
  - nanopb/encode (0.3.9011)
  - Neon (0.4.0)
  - SDWebImage (5.5.2):
    - SDWebImage/Core (= 5.5.2)
  - SDWebImage/Core (5.5.2)

DEPENDENCIES:
  - CalendarKit
  - Firebase/Auth
  - Firebase/Database
  - Firebase/Storage
  - lottie-ios
  - SDWebImage

SPEC REPOS:
  trunk:
    - CalendarKit
    - DateToolsSwift
    - Firebase
    - FirebaseAuth
    - FirebaseAuthInterop
    - FirebaseCore
    - FirebaseCoreDiagnostics
    - FirebaseCoreDiagnosticsInterop
    - FirebaseDatabase
    - FirebaseStorage
    - GoogleDataTransport
    - GoogleDataTransportCCTSupport
    - GoogleUtilities
    - GTMSessionFetcher
    - leveldb-library
    - lottie-ios
    - nanopb
    - Neon
    - SDWebImage

SPEC CHECKSUMS:
  CalendarKit: 25acd9ca18d0c9adb33716675ae19a74440c8403
  DateToolsSwift: 4207ada6ad615d8dc076323d27037c94916dbfa6
  Firebase: 2672e5636b42f977177716317e68346ae5e9de25
  FirebaseAuth: 5ce2b03a3d7fe56b7a6e4c5ec7ff1522890b1d6f
  FirebaseAuthInterop: 0ffa57668be100582bb7643d4fcb7615496c41fc
  FirebaseCore: a1dd9dd6355a8356dd30a8f076839e242285a81c
  FirebaseCoreDiagnostics: 5e78803ab276bc5b50340e3c539c06c3de35c649
  FirebaseCoreDiagnosticsInterop: 296e2c5f5314500a850ad0b83e9e7c10b011a850
  FirebaseDatabase: 0144e0706a4761f1b0e8679572eba8095ddb59be
  FirebaseStorage: 6c5263796af3b1be82ed173598aade47535fe125
  GoogleDataTransport: 47fe3b8e1673e5187dfd615656a3c5034f150d69
  GoogleDataTransportCCTSupport: 36f69887fd212db6d7ef4dd45ba44523717a434e
  GoogleUtilities: 06eb53bb579efe7099152735900dd04bf09e7275
  GTMSessionFetcher: cea130bbfe5a7edc8d06d3f0d17288c32ffe9925
  leveldb-library: 55d93ee664b4007aac644a782d11da33fba316f7
  lottie-ios: 85ce835dd8c53e02509f20729fc7d6a4e6645a0a
  nanopb: 18003b5e52dab79db540fe93fe9579f399bd1ccd
  Neon: 7fb5a9327e7e57911843f608e08f4893a74deaf9
  SDWebImage: 4d5c027c935438f341ed33dbac53ff9f479922ca

PODFILE CHECKSUM: 2fe11e70d4a09002cbd13377e7c86067cd425579

COCOAPODS: 1.8.4
