// !$*UTF8*$!
{
	archiveVersion = 1;
	classes = {
	};
	objectVersion = 51;
	objects = {

/* Begin PBXBuildFile section */
		100FFC5723F90A0F00ABB1FF /* AppDelegate.swift in Sources */ = {isa = PBXBuildFile; fileRef = 100FFC5623F90A0F00ABB1FF /* AppDelegate.swift */; };
		100FFC5923F90A0F00ABB1FF /* SceneDelegate.swift in Sources */ = {isa = PBXBuildFile; fileRef = 100FFC5823F90A0F00ABB1FF /* SceneDelegate.swift */; };
		100FFC5B23F90A0F00ABB1FF /* TabBarController.swift in Sources */ = {isa = PBXBuildFile; fileRef = 100FFC5A23F90A0F00ABB1FF /* TabBarController.swift */; };
		100FFC5E23F90A0F00ABB1FF /* Main.storyboard in Resources */ = {isa = PBXBuildFile; fileRef = 100FFC5C23F90A0F00ABB1FF /* Main.storyboard */; };
		100FFC6023F90A0F00ABB1FF /* Assets.xcassets in Resources */ = {isa = PBXBuildFile; fileRef = 100FFC5F23F90A0F00ABB1FF /* Assets.xcassets */; };
		100FFC6323F90A0F00ABB1FF /* LaunchScreen.storyboard in Resources */ = {isa = PBXBuildFile; fileRef = 100FFC6123F90A0F00ABB1FF /* LaunchScreen.storyboard */; };
		100FFC6E23F90A0F00ABB1FF /* miCocinaEconomicaTests.swift in Sources */ = {isa = PBXBuildFile; fileRef = 100FFC6D23F90A0F00ABB1FF /* miCocinaEconomicaTests.swift */; };
		100FFC7923F90A1000ABB1FF /* miCocinaEconomicaUITests.swift in Sources */ = {isa = PBXBuildFile; fileRef = 100FFC7823F90A1000ABB1FF /* miCocinaEconomicaUITests.swift */; };
		108C15A823FF8DB9004891B2 /* 2605-cooking.json in Resources */ = {isa = PBXBuildFile; fileRef = 108C15A723FF8DB9004891B2 /* 2605-cooking.json */; };
		10C6D9F423FC193600F8778A /* SlideInPresentationAnimator.swift in Sources */ = {isa = PBXBuildFile; fileRef = 10C6D9F123FC193600F8778A /* SlideInPresentationAnimator.swift */; };
		10C6D9F523FC193600F8778A /* SlideInPresentationManager.swift in Sources */ = {isa = PBXBuildFile; fileRef = 10C6D9F223FC193600F8778A /* SlideInPresentationManager.swift */; };
		10C6D9F623FC193700F8778A /* SlideInPresentationController.swift in Sources */ = {isa = PBXBuildFile; fileRef = 10C6D9F323FC193600F8778A /* SlideInPresentationController.swift */; };
		10C6D9F823FC1A5200F8778A /* IngredientsTableViewController.swift in Sources */ = {isa = PBXBuildFile; fileRef = 10C6D9F723FC1A5200F8778A /* IngredientsTableViewController.swift */; };
		10C6D9FA23FC1A6700F8778A /* IngredientsViewController.swift in Sources */ = {isa = PBXBuildFile; fileRef = 10C6D9F923FC1A6700F8778A /* IngredientsViewController.swift */; };
		10C6D9FC23FC1A7900F8778A /* RecipesViewController.swift in Sources */ = {isa = PBXBuildFile; fileRef = 10C6D9FB23FC1A7900F8778A /* RecipesViewController.swift */; };
		10C6D9FE23FC1A8E00F8778A /* RecipesTableViewController.swift in Sources */ = {isa = PBXBuildFile; fileRef = 10C6D9FD23FC1A8E00F8778A /* RecipesTableViewController.swift */; };
		10C8D7F223FE3ABA00BFFB96 /* CalendarViewController.swift in Sources */ = {isa = PBXBuildFile; fileRef = 10C8D7F123FE3ABA00BFFB96 /* CalendarViewController.swift */; };
		10C8D7F423FE757D00BFFB96 /* GoogleService-Info.plist in Resources */ = {isa = PBXBuildFile; fileRef = 10C8D7F323FE757D00BFFB96 /* GoogleService-Info.plist */; };
		10C8D7F523FE757D00BFFB96 /* GoogleService-Info.plist in Resources */ = {isa = PBXBuildFile; fileRef = 10C8D7F323FE757D00BFFB96 /* GoogleService-Info.plist */; };
		10C8D7F623FE757D00BFFB96 /* GoogleService-Info.plist in Resources */ = {isa = PBXBuildFile; fileRef = 10C8D7F323FE757D00BFFB96 /* GoogleService-Info.plist */; };
		10C8D7FA23FEBC2800BFFB96 /* CalendarRecipesViewController.swift in Sources */ = {isa = PBXBuildFile; fileRef = 10C8D7F923FEBC2800BFFB96 /* CalendarRecipesViewController.swift */; };
		10F5647D23FCBB440028F856 /* MainMenuViewController.swift in Sources */ = {isa = PBXBuildFile; fileRef = 10F5647C23FCBB440028F856 /* MainMenuViewController.swift */; };
		ABBAEE5754DEC852C7EBCFD2 /* Pods_miCocinaEconomica_miCocinaEconomicaUITests.framework in Frameworks */ = {isa = PBXBuildFile; fileRef = 2D07333D124BBCF38471A776 /* Pods_miCocinaEconomica_miCocinaEconomicaUITests.framework */; };
		E9414152533AD084366F6C26 /* Pods_miCocinaEconomicaTests.framework in Frameworks */ = {isa = PBXBuildFile; fileRef = 5568C3E487100761A5C1E435 /* Pods_miCocinaEconomicaTests.framework */; };
		F07A17DE2239C9DA81677EA9 /* Pods_miCocinaEconomica.framework in Frameworks */ = {isa = PBXBuildFile; fileRef = A9A92E4B5C4DA2A82CA928A8 /* Pods_miCocinaEconomica.framework */; };
/* End PBXBuildFile section */

/* Begin PBXContainerItemProxy section */
		100FFC6A23F90A0F00ABB1FF /* PBXContainerItemProxy */ = {
			isa = PBXContainerItemProxy;
			containerPortal = 100FFC4B23F90A0F00ABB1FF /* Project object */;
			proxyType = 1;
			remoteGlobalIDString = 100FFC5223F90A0F00ABB1FF;
			remoteInfo = miCocinaEconomica;
		};
		100FFC7523F90A1000ABB1FF /* PBXContainerItemProxy */ = {
			isa = PBXContainerItemProxy;
			containerPortal = 100FFC4B23F90A0F00ABB1FF /* Project object */;
			proxyType = 1;
			remoteGlobalIDString = 100FFC5223F90A0F00ABB1FF;
			remoteInfo = miCocinaEconomica;
		};
/* End PBXContainerItemProxy section */

/* Begin PBXFileReference section */
		100FFC5323F90A0F00ABB1FF /* miCocinaEconomica.app */ = {isa = PBXFileReference; explicitFileType = wrapper.application; includeInIndex = 0; path = miCocinaEconomica.app; sourceTree = BUILT_PRODUCTS_DIR; };
		100FFC5623F90A0F00ABB1FF /* AppDelegate.swift */ = {isa = PBXFileReference; lastKnownFileType = sourcecode.swift; path = AppDelegate.swift; sourceTree = "<group>"; };
		100FFC5823F90A0F00ABB1FF /* SceneDelegate.swift */ = {isa = PBXFileReference; lastKnownFileType = sourcecode.swift; path = SceneDelegate.swift; sourceTree = "<group>"; };
		100FFC5A23F90A0F00ABB1FF /* TabBarController.swift */ = {isa = PBXFileReference; lastKnownFileType = sourcecode.swift; path = TabBarController.swift; sourceTree = "<group>"; };
		100FFC5D23F90A0F00ABB1FF /* Base */ = {isa = PBXFileReference; lastKnownFileType = file.storyboard; name = Base; path = Base.lproj/Main.storyboard; sourceTree = "<group>"; };
		100FFC5F23F90A0F00ABB1FF /* Assets.xcassets */ = {isa = PBXFileReference; lastKnownFileType = folder.assetcatalog; path = Assets.xcassets; sourceTree = "<group>"; };
		100FFC6223F90A0F00ABB1FF /* Base */ = {isa = PBXFileReference; lastKnownFileType = file.storyboard; name = Base; path = Base.lproj/LaunchScreen.storyboard; sourceTree = "<group>"; };
		100FFC6423F90A0F00ABB1FF /* Info.plist */ = {isa = PBXFileReference; lastKnownFileType = text.plist.xml; path = Info.plist; sourceTree = "<group>"; };
		100FFC6923F90A0F00ABB1FF /* miCocinaEconomicaTests.xctest */ = {isa = PBXFileReference; explicitFileType = wrapper.cfbundle; includeInIndex = 0; path = miCocinaEconomicaTests.xctest; sourceTree = BUILT_PRODUCTS_DIR; };
		100FFC6D23F90A0F00ABB1FF /* miCocinaEconomicaTests.swift */ = {isa = PBXFileReference; lastKnownFileType = sourcecode.swift; path = miCocinaEconomicaTests.swift; sourceTree = "<group>"; };
		100FFC6F23F90A0F00ABB1FF /* Info.plist */ = {isa = PBXFileReference; lastKnownFileType = text.plist.xml; path = Info.plist; sourceTree = "<group>"; };
		100FFC7423F90A1000ABB1FF /* miCocinaEconomicaUITests.xctest */ = {isa = PBXFileReference; explicitFileType = wrapper.cfbundle; includeInIndex = 0; path = miCocinaEconomicaUITests.xctest; sourceTree = BUILT_PRODUCTS_DIR; };
		100FFC7823F90A1000ABB1FF /* miCocinaEconomicaUITests.swift */ = {isa = PBXFileReference; lastKnownFileType = sourcecode.swift; path = miCocinaEconomicaUITests.swift; sourceTree = "<group>"; };
		100FFC7A23F90A1000ABB1FF /* Info.plist */ = {isa = PBXFileReference; lastKnownFileType = text.plist.xml; path = Info.plist; sourceTree = "<group>"; };
		108C15A723FF8DB9004891B2 /* 2605-cooking.json */ = {isa = PBXFileReference; fileEncoding = 4; lastKnownFileType = text.json; name = "2605-cooking.json"; path = "../../../../../../Downloads/2605-cooking.json"; sourceTree = "<group>"; };
		10C6D9F123FC193600F8778A /* SlideInPresentationAnimator.swift */ = {isa = PBXFileReference; fileEncoding = 4; lastKnownFileType = sourcecode.swift; path = SlideInPresentationAnimator.swift; sourceTree = "<group>"; };
		10C6D9F223FC193600F8778A /* SlideInPresentationManager.swift */ = {isa = PBXFileReference; fileEncoding = 4; lastKnownFileType = sourcecode.swift; path = SlideInPresentationManager.swift; sourceTree = "<group>"; };
		10C6D9F323FC193600F8778A /* SlideInPresentationController.swift */ = {isa = PBXFileReference; fileEncoding = 4; lastKnownFileType = sourcecode.swift; path = SlideInPresentationController.swift; sourceTree = "<group>"; };
		10C6D9F723FC1A5200F8778A /* IngredientsTableViewController.swift */ = {isa = PBXFileReference; lastKnownFileType = sourcecode.swift; path = IngredientsTableViewController.swift; sourceTree = "<group>"; };
		10C6D9F923FC1A6700F8778A /* IngredientsViewController.swift */ = {isa = PBXFileReference; lastKnownFileType = sourcecode.swift; path = IngredientsViewController.swift; sourceTree = "<group>"; };
		10C6D9FB23FC1A7900F8778A /* RecipesViewController.swift */ = {isa = PBXFileReference; lastKnownFileType = sourcecode.swift; path = RecipesViewController.swift; sourceTree = "<group>"; };
		10C6D9FD23FC1A8E00F8778A /* RecipesTableViewController.swift */ = {isa = PBXFileReference; lastKnownFileType = sourcecode.swift; path = RecipesTableViewController.swift; sourceTree = "<group>"; };
		10C8D7F123FE3ABA00BFFB96 /* CalendarViewController.swift */ = {isa = PBXFileReference; lastKnownFileType = sourcecode.swift; path = CalendarViewController.swift; sourceTree = "<group>"; };
		10C8D7F323FE757D00BFFB96 /* GoogleService-Info.plist */ = {isa = PBXFileReference; fileEncoding = 4; lastKnownFileType = text.plist.xml; name = "GoogleService-Info.plist"; path = "../../../../Downloads/GoogleService-Info.plist"; sourceTree = "<group>"; };
		10C8D7F923FEBC2800BFFB96 /* CalendarRecipesViewController.swift */ = {isa = PBXFileReference; lastKnownFileType = sourcecode.swift; path = CalendarRecipesViewController.swift; sourceTree = "<group>"; };
		10F5647C23FCBB440028F856 /* MainMenuViewController.swift */ = {isa = PBXFileReference; lastKnownFileType = sourcecode.swift; path = MainMenuViewController.swift; sourceTree = "<group>"; };
		2D07333D124BBCF38471A776 /* Pods_miCocinaEconomica_miCocinaEconomicaUITests.framework */ = {isa = PBXFileReference; explicitFileType = wrapper.framework; includeInIndex = 0; path = Pods_miCocinaEconomica_miCocinaEconomicaUITests.framework; sourceTree = BUILT_PRODUCTS_DIR; };
		436B1569AE1BED148FC21CEE /* Pods-miCocinaEconomica-miCocinaEconomicaUITests.debug.xcconfig */ = {isa = PBXFileReference; includeInIndex = 1; lastKnownFileType = text.xcconfig; name = "Pods-miCocinaEconomica-miCocinaEconomicaUITests.debug.xcconfig"; path = "Target Support Files/Pods-miCocinaEconomica-miCocinaEconomicaUITests/Pods-miCocinaEconomica-miCocinaEconomicaUITests.debug.xcconfig"; sourceTree = "<group>"; };
		489AC8BC845380BA2BE9E419 /* Pods-miCocinaEconomica.release.xcconfig */ = {isa = PBXFileReference; includeInIndex = 1; lastKnownFileType = text.xcconfig; name = "Pods-miCocinaEconomica.release.xcconfig"; path = "Target Support Files/Pods-miCocinaEconomica/Pods-miCocinaEconomica.release.xcconfig"; sourceTree = "<group>"; };
		5568C3E487100761A5C1E435 /* Pods_miCocinaEconomicaTests.framework */ = {isa = PBXFileReference; explicitFileType = wrapper.framework; includeInIndex = 0; path = Pods_miCocinaEconomicaTests.framework; sourceTree = BUILT_PRODUCTS_DIR; };
		7467F8C08ADA73C2F2B8CCD5 /* Pods-miCocinaEconomica.debug.xcconfig */ = {isa = PBXFileReference; includeInIndex = 1; lastKnownFileType = text.xcconfig; name = "Pods-miCocinaEconomica.debug.xcconfig"; path = "Target Support Files/Pods-miCocinaEconomica/Pods-miCocinaEconomica.debug.xcconfig"; sourceTree = "<group>"; };
		78E079A4B9179F68EFCF5B71 /* Pods-miCocinaEconomicaTests.release.xcconfig */ = {isa = PBXFileReference; includeInIndex = 1; lastKnownFileType = text.xcconfig; name = "Pods-miCocinaEconomicaTests.release.xcconfig"; path = "Target Support Files/Pods-miCocinaEconomicaTests/Pods-miCocinaEconomicaTests.release.xcconfig"; sourceTree = "<group>"; };
		A206A8EDE2A87D763D36C48A /* Pods-miCocinaEconomicaTests.debug.xcconfig */ = {isa = PBXFileReference; includeInIndex = 1; lastKnownFileType = text.xcconfig; name = "Pods-miCocinaEconomicaTests.debug.xcconfig"; path = "Target Support Files/Pods-miCocinaEconomicaTests/Pods-miCocinaEconomicaTests.debug.xcconfig"; sourceTree = "<group>"; };
		A9A92E4B5C4DA2A82CA928A8 /* Pods_miCocinaEconomica.framework */ = {isa = PBXFileReference; explicitFileType = wrapper.framework; includeInIndex = 0; path = Pods_miCocinaEconomica.framework; sourceTree = BUILT_PRODUCTS_DIR; };
		E4D3F571210A6F4F532AB560 /* Pods-miCocinaEconomica-miCocinaEconomicaUITests.release.xcconfig */ = {isa = PBXFileReference; includeInIndex = 1; lastKnownFileType = text.xcconfig; name = "Pods-miCocinaEconomica-miCocinaEconomicaUITests.release.xcconfig"; path = "Target Support Files/Pods-miCocinaEconomica-miCocinaEconomicaUITests/Pods-miCocinaEconomica-miCocinaEconomicaUITests.release.xcconfig"; sourceTree = "<group>"; };
/* End PBXFileReference section */

/* Begin PBXFrameworksBuildPhase section */
		100FFC5023F90A0F00ABB1FF /* Frameworks */ = {
			isa = PBXFrameworksBuildPhase;
			buildActionMask = 2147483647;
			files = (
				F07A17DE2239C9DA81677EA9 /* Pods_miCocinaEconomica.framework in Frameworks */,
			);
			runOnlyForDeploymentPostprocessing = 0;
		};
		100FFC6623F90A0F00ABB1FF /* Frameworks */ = {
			isa = PBXFrameworksBuildPhase;
			buildActionMask = 2147483647;
			files = (
				E9414152533AD084366F6C26 /* Pods_miCocinaEconomicaTests.framework in Frameworks */,
			);
			runOnlyForDeploymentPostprocessing = 0;
		};
		100FFC7123F90A1000ABB1FF /* Frameworks */ = {
			isa = PBXFrameworksBuildPhase;
			buildActionMask = 2147483647;
			files = (
				ABBAEE5754DEC852C7EBCFD2 /* Pods_miCocinaEconomica_miCocinaEconomicaUITests.framework in Frameworks */,
			);
			runOnlyForDeploymentPostprocessing = 0;
		};
/* End PBXFrameworksBuildPhase section */

/* Begin PBXGroup section */
		100FFC4A23F90A0F00ABB1FF = {
			isa = PBXGroup;
			children = (
				100FFC5523F90A0F00ABB1FF /* miCocinaEconomica */,
				100FFC6C23F90A0F00ABB1FF /* miCocinaEconomicaTests */,
				100FFC7723F90A1000ABB1FF /* miCocinaEconomicaUITests */,
				100FFC5423F90A0F00ABB1FF /* Products */,
				4998323885B2FCAC5FE34EBB /* Pods */,
				9BAF442BCB75CBA1CA2D0A1D /* Frameworks */,
			);
			sourceTree = "<group>";
		};
		100FFC5423F90A0F00ABB1FF /* Products */ = {
			isa = PBXGroup;
			children = (
				100FFC5323F90A0F00ABB1FF /* miCocinaEconomica.app */,
				100FFC6923F90A0F00ABB1FF /* miCocinaEconomicaTests.xctest */,
				100FFC7423F90A1000ABB1FF /* miCocinaEconomicaUITests.xctest */,
			);
			name = Products;
			sourceTree = "<group>";
		};
		100FFC5523F90A0F00ABB1FF /* miCocinaEconomica */ = {
			isa = PBXGroup;
			children = (
				10C6D9EF23FC190B00F8778A /* Utils */,
				10C6D9EE23FB6BA900F8778A /* Network */,
				10C6D9ED23FB67F200F8778A /* Views */,
				10C6D9EC23FB67EA00F8778A /* Controllers */,
				10C6D9EB23FB67DE00F8778A /* Models */,
				100FFC5623F90A0F00ABB1FF /* AppDelegate.swift */,
				100FFC5823F90A0F00ABB1FF /* SceneDelegate.swift */,
				100FFC5C23F90A0F00ABB1FF /* Main.storyboard */,
				100FFC6123F90A0F00ABB1FF /* LaunchScreen.storyboard */,
				100FFC5F23F90A0F00ABB1FF /* Assets.xcassets */,
				100FFC6423F90A0F00ABB1FF /* Info.plist */,
				10C8D7F323FE757D00BFFB96 /* GoogleService-Info.plist */,
			);
			path = miCocinaEconomica;
			sourceTree = "<group>";
		};
		100FFC6C23F90A0F00ABB1FF /* miCocinaEconomicaTests */ = {
			isa = PBXGroup;
			children = (
				100FFC6D23F90A0F00ABB1FF /* miCocinaEconomicaTests.swift */,
				100FFC6F23F90A0F00ABB1FF /* Info.plist */,
			);
			path = miCocinaEconomicaTests;
			sourceTree = "<group>";
		};
		100FFC7723F90A1000ABB1FF /* miCocinaEconomicaUITests */ = {
			isa = PBXGroup;
			children = (
				100FFC7823F90A1000ABB1FF /* miCocinaEconomicaUITests.swift */,
				100FFC7A23F90A1000ABB1FF /* Info.plist */,
			);
			path = miCocinaEconomicaUITests;
			sourceTree = "<group>";
		};
		108C15A623FF8DA8004891B2 /* JSONLotties */ = {
			isa = PBXGroup;
			children = (
				108C15A723FF8DB9004891B2 /* 2605-cooking.json */,
			);
			path = JSONLotties;
			sourceTree = "<group>";
		};
		10C6D9EB23FB67DE00F8778A /* Models */ = {
			isa = PBXGroup;
			children = (
			);
			path = Models;
			sourceTree = "<group>";
		};
		10C6D9EC23FB67EA00F8778A /* Controllers */ = {
			isa = PBXGroup;
			children = (
				100FFC5A23F90A0F00ABB1FF /* TabBarController.swift */,
				10F5647C23FCBB440028F856 /* MainMenuViewController.swift */,
				10C6D9F923FC1A6700F8778A /* IngredientsViewController.swift */,
				10C6D9F723FC1A5200F8778A /* IngredientsTableViewController.swift */,
				10C6D9FB23FC1A7900F8778A /* RecipesViewController.swift */,
				10C8D7F923FEBC2800BFFB96 /* CalendarRecipesViewController.swift */,
				10C8D7F123FE3ABA00BFFB96 /* CalendarViewController.swift */,
				10C6D9FD23FC1A8E00F8778A /* RecipesTableViewController.swift */,
			);
			path = Controllers;
			sourceTree = "<group>";
		};
		10C6D9ED23FB67F200F8778A /* Views */ = {
			isa = PBXGroup;
			children = (
			);
			path = Views;
			sourceTree = "<group>";
		};
		10C6D9EE23FB6BA900F8778A /* Network */ = {
			isa = PBXGroup;
			children = (
			);
			path = Network;
			sourceTree = "<group>";
		};
		10C6D9EF23FC190B00F8778A /* Utils */ = {
			isa = PBXGroup;
			children = (
				108C15A623FF8DA8004891B2 /* JSONLotties */,
				10C6D9F023FC193600F8778A /* Presentation */,
			);
			path = Utils;
			sourceTree = "<group>";
		};
		10C6D9F023FC193600F8778A /* Presentation */ = {
			isa = PBXGroup;
			children = (
				10C6D9F123FC193600F8778A /* SlideInPresentationAnimator.swift */,
				10C6D9F223FC193600F8778A /* SlideInPresentationManager.swift */,
				10C6D9F323FC193600F8778A /* SlideInPresentationController.swift */,
			);
			name = Presentation;
			path = "../../../../../Downloads/Materials/MedalCount Completed/MedalCount/Presentation";
			sourceTree = "<group>";
		};
		4998323885B2FCAC5FE34EBB /* Pods */ = {
			isa = PBXGroup;
			children = (
				7467F8C08ADA73C2F2B8CCD5 /* Pods-miCocinaEconomica.debug.xcconfig */,
				489AC8BC845380BA2BE9E419 /* Pods-miCocinaEconomica.release.xcconfig */,
				436B1569AE1BED148FC21CEE /* Pods-miCocinaEconomica-miCocinaEconomicaUITests.debug.xcconfig */,
				E4D3F571210A6F4F532AB560 /* Pods-miCocinaEconomica-miCocinaEconomicaUITests.release.xcconfig */,
				A206A8EDE2A87D763D36C48A /* Pods-miCocinaEconomicaTests.debug.xcconfig */,
				78E079A4B9179F68EFCF5B71 /* Pods-miCocinaEconomicaTests.release.xcconfig */,
			);
			path = Pods;
			sourceTree = "<group>";
		};
		9BAF442BCB75CBA1CA2D0A1D /* Frameworks */ = {
			isa = PBXGroup;
			children = (
				A9A92E4B5C4DA2A82CA928A8 /* Pods_miCocinaEconomica.framework */,
				2D07333D124BBCF38471A776 /* Pods_miCocinaEconomica_miCocinaEconomicaUITests.framework */,
				5568C3E487100761A5C1E435 /* Pods_miCocinaEconomicaTests.framework */,
			);
			name = Frameworks;
			sourceTree = "<group>";
		};
/* End PBXGroup section */

/* Begin PBXNativeTarget section */
		100FFC5223F90A0F00ABB1FF /* miCocinaEconomica */ = {
			isa = PBXNativeTarget;
			buildConfigurationList = 100FFC7D23F90A1000ABB1FF /* Build configuration list for PBXNativeTarget "miCocinaEconomica" */;
			buildPhases = (
				FA681A617FFB594418A6B41D /* [CP] Check Pods Manifest.lock */,
				100FFC4F23F90A0F00ABB1FF /* Sources */,
				100FFC5023F90A0F00ABB1FF /* Frameworks */,
				100FFC5123F90A0F00ABB1FF /* Resources */,
				B336493DBB4BF5EF6D800986 /* [CP] Embed Pods Frameworks */,
			);
			buildRules = (
			);
			dependencies = (
			);
			name = miCocinaEconomica;
			productName = miCocinaEconomica;
			productReference = 100FFC5323F90A0F00ABB1FF /* miCocinaEconomica.app */;
			productType = "com.apple.product-type.application";
		};
		100FFC6823F90A0F00ABB1FF /* miCocinaEconomicaTests */ = {
			isa = PBXNativeTarget;
			buildConfigurationList = 100FFC8023F90A1000ABB1FF /* Build configuration list for PBXNativeTarget "miCocinaEconomicaTests" */;
			buildPhases = (
				3E1E6FA9A0EBD116E4595B3E /* [CP] Check Pods Manifest.lock */,
				100FFC6523F90A0F00ABB1FF /* Sources */,
				100FFC6623F90A0F00ABB1FF /* Frameworks */,
				100FFC6723F90A0F00ABB1FF /* Resources */,
			);
			buildRules = (
			);
			dependencies = (
				100FFC6B23F90A0F00ABB1FF /* PBXTargetDependency */,
			);
			name = miCocinaEconomicaTests;
			productName = miCocinaEconomicaTests;
			productReference = 100FFC6923F90A0F00ABB1FF /* miCocinaEconomicaTests.xctest */;
			productType = "com.apple.product-type.bundle.unit-test";
		};
		100FFC7323F90A1000ABB1FF /* miCocinaEconomicaUITests */ = {
			isa = PBXNativeTarget;
			buildConfigurationList = 100FFC8323F90A1000ABB1FF /* Build configuration list for PBXNativeTarget "miCocinaEconomicaUITests" */;
			buildPhases = (
				7030F81FC0BF2E1A995D3388 /* [CP] Check Pods Manifest.lock */,
				100FFC7023F90A1000ABB1FF /* Sources */,
				100FFC7123F90A1000ABB1FF /* Frameworks */,
				100FFC7223F90A1000ABB1FF /* Resources */,
				63EB11A43519F3E050C239EF /* [CP] Embed Pods Frameworks */,
			);
			buildRules = (
			);
			dependencies = (
				100FFC7623F90A1000ABB1FF /* PBXTargetDependency */,
			);
			name = miCocinaEconomicaUITests;
			productName = miCocinaEconomicaUITests;
			productReference = 100FFC7423F90A1000ABB1FF /* miCocinaEconomicaUITests.xctest */;
			productType = "com.apple.product-type.bundle.ui-testing";
		};
/* End PBXNativeTarget section */

/* Begin PBXProject section */
		100FFC4B23F90A0F00ABB1FF /* Project object */ = {
			isa = PBXProject;
			attributes = {
				LastSwiftUpdateCheck = 1130;
				LastUpgradeCheck = 1130;
				ORGANIZATIONNAME = "Javier Ferrer";
				TargetAttributes = {
					100FFC5223F90A0F00ABB1FF = {
						CreatedOnToolsVersion = 11.3.1;
					};
					100FFC6823F90A0F00ABB1FF = {
						CreatedOnToolsVersion = 11.3.1;
						TestTargetID = 100FFC5223F90A0F00ABB1FF;
					};
					100FFC7323F90A1000ABB1FF = {
						CreatedOnToolsVersion = 11.3.1;
						TestTargetID = 100FFC5223F90A0F00ABB1FF;
					};
				};
			};
			buildConfigurationList = 100FFC4E23F90A0F00ABB1FF /* Build configuration list for PBXProject "miCocinaEconomica" */;
			compatibilityVersion = "Xcode 9.3";
			developmentRegion = en;
			hasScannedForEncodings = 0;
			knownRegions = (
				en,
				Base,
			);
			mainGroup = 100FFC4A23F90A0F00ABB1FF;
			productRefGroup = 100FFC5423F90A0F00ABB1FF /* Products */;
			projectDirPath = "";
			projectRoot = "";
			targets = (
				100FFC5223F90A0F00ABB1FF /* miCocinaEconomica */,
				100FFC6823F90A0F00ABB1FF /* miCocinaEconomicaTests */,
				100FFC7323F90A1000ABB1FF /* miCocinaEconomicaUITests */,
			);
		};
/* End PBXProject section */

/* Begin PBXResourcesBuildPhase section */
		100FFC5123F90A0F00ABB1FF /* Resources */ = {
			isa = PBXResourcesBuildPhase;
			buildActionMask = 2147483647;
			files = (
				100FFC6323F90A0F00ABB1FF /* LaunchScreen.storyboard in Resources */,
				10C8D7F423FE757D00BFFB96 /* GoogleService-Info.plist in Resources */,
				100FFC6023F90A0F00ABB1FF /* Assets.xcassets in Resources */,
				100FFC5E23F90A0F00ABB1FF /* Main.storyboard in Resources */,
				108C15A823FF8DB9004891B2 /* 2605-cooking.json in Resources */,
			);
			runOnlyForDeploymentPostprocessing = 0;
		};
		100FFC6723F90A0F00ABB1FF /* Resources */ = {
			isa = PBXResourcesBuildPhase;
			buildActionMask = 2147483647;
			files = (
				10C8D7F523FE757D00BFFB96 /* GoogleService-Info.plist in Resources */,
			);
			runOnlyForDeploymentPostprocessing = 0;
		};
		100FFC7223F90A1000ABB1FF /* Resources */ = {
			isa = PBXResourcesBuildPhase;
			buildActionMask = 2147483647;
			files = (
				10C8D7F623FE757D00BFFB96 /* GoogleService-Info.plist in Resources */,
			);
			runOnlyForDeploymentPostprocessing = 0;
		};
/* End PBXResourcesBuildPhase section */

/* Begin PBXShellScriptBuildPhase section */
		3E1E6FA9A0EBD116E4595B3E /* [CP] Check Pods Manifest.lock */ = {
			isa = PBXShellScriptBuildPhase;
			buildActionMask = 2147483647;
			files = (
			);
			inputFileListPaths = (
			);
			inputPaths = (
				"${PODS_PODFILE_DIR_PATH}/Podfile.lock",
				"${PODS_ROOT}/Manifest.lock",
			);
			name = "[CP] Check Pods Manifest.lock";
			outputFileListPaths = (
			);
			outputPaths = (
				"$(DERIVED_FILE_DIR)/Pods-miCocinaEconomicaTests-checkManifestLockResult.txt",
			);
			runOnlyForDeploymentPostprocessing = 0;
			shellPath = /bin/sh;
			shellScript = "diff \"${PODS_PODFILE_DIR_PATH}/Podfile.lock\" \"${PODS_ROOT}/Manifest.lock\" > /dev/null\nif [ $? != 0 ] ; then\n    # print error to STDERR\n    echo \"error: The sandbox is not in sync with the Podfile.lock. Run 'pod install' or update your CocoaPods installation.\" >&2\n    exit 1\nfi\n# This output is used by Xcode 'outputs' to avoid re-running this script phase.\necho \"SUCCESS\" > \"${SCRIPT_OUTPUT_FILE_0}\"\n";
			showEnvVarsInLog = 0;
		};
		63EB11A43519F3E050C239EF /* [CP] Embed Pods Frameworks */ = {
			isa = PBXShellScriptBuildPhase;
			buildActionMask = 2147483647;
			files = (
			);
			inputFileListPaths = (
				"${PODS_ROOT}/Target Support Files/Pods-miCocinaEconomica-miCocinaEconomicaUITests/Pods-miCocinaEconomica-miCocinaEconomicaUITests-frameworks-${CONFIGURATION}-input-files.xcfilelist",
			);
			name = "[CP] Embed Pods Frameworks";
			outputFileListPaths = (
				"${PODS_ROOT}/Target Support Files/Pods-miCocinaEconomica-miCocinaEconomicaUITests/Pods-miCocinaEconomica-miCocinaEconomicaUITests-frameworks-${CONFIGURATION}-output-files.xcfilelist",
			);
			runOnlyForDeploymentPostprocessing = 0;
			shellPath = /bin/sh;
			shellScript = "\"${PODS_ROOT}/Target Support Files/Pods-miCocinaEconomica-miCocinaEconomicaUITests/Pods-miCocinaEconomica-miCocinaEconomicaUITests-frameworks.sh\"\n";
			showEnvVarsInLog = 0;
		};
		7030F81FC0BF2E1A995D3388 /* [CP] Check Pods Manifest.lock */ = {
			isa = PBXShellScriptBuildPhase;
			buildActionMask = 2147483647;
			files = (
			);
			inputFileListPaths = (
			);
			inputPaths = (
				"${PODS_PODFILE_DIR_PATH}/Podfile.lock",
				"${PODS_ROOT}/Manifest.lock",
			);
			name = "[CP] Check Pods Manifest.lock";
			outputFileListPaths = (
			);
			outputPaths = (
				"$(DERIVED_FILE_DIR)/Pods-miCocinaEconomica-miCocinaEconomicaUITests-checkManifestLockResult.txt",
			);
			runOnlyForDeploymentPostprocessing = 0;
			shellPath = /bin/sh;
			shellScript = "diff \"${PODS_PODFILE_DIR_PATH}/Podfile.lock\" \"${PODS_ROOT}/Manifest.lock\" > /dev/null\nif [ $? != 0 ] ; then\n    # print error to STDERR\n    echo \"error: The sandbox is not in sync with the Podfile.lock. Run 'pod install' or update your CocoaPods installation.\" >&2\n    exit 1\nfi\n# This output is used by Xcode 'outputs' to avoid re-running this script phase.\necho \"SUCCESS\" > \"${SCRIPT_OUTPUT_FILE_0}\"\n";
			showEnvVarsInLog = 0;
		};
		B336493DBB4BF5EF6D800986 /* [CP] Embed Pods Frameworks */ = {
			isa = PBXShellScriptBuildPhase;
			buildActionMask = 2147483647;
			files = (
			);
			inputFileListPaths = (
				"${PODS_ROOT}/Target Support Files/Pods-miCocinaEconomica/Pods-miCocinaEconomica-frameworks-${CONFIGURATION}-input-files.xcfilelist",
			);
			name = "[CP] Embed Pods Frameworks";
			outputFileListPaths = (
				"${PODS_ROOT}/Target Support Files/Pods-miCocinaEconomica/Pods-miCocinaEconomica-frameworks-${CONFIGURATION}-output-files.xcfilelist",
			);
			runOnlyForDeploymentPostprocessing = 0;
			shellPath = /bin/sh;
			shellScript = "\"${PODS_ROOT}/Target Support Files/Pods-miCocinaEconomica/Pods-miCocinaEconomica-frameworks.sh\"\n";
			showEnvVarsInLog = 0;
		};
		FA681A617FFB594418A6B41D /* [CP] Check Pods Manifest.lock */ = {
			isa = PBXShellScriptBuildPhase;
			buildActionMask = 2147483647;
			files = (
			);
			inputFileListPaths = (
			);
			inputPaths = (
				"${PODS_PODFILE_DIR_PATH}/Podfile.lock",
				"${PODS_ROOT}/Manifest.lock",
			);
			name = "[CP] Check Pods Manifest.lock";
			outputFileListPaths = (
			);
			outputPaths = (
				"$(DERIVED_FILE_DIR)/Pods-miCocinaEconomica-checkManifestLockResult.txt",
			);
			runOnlyForDeploymentPostprocessing = 0;
			shellPath = /bin/sh;
			shellScript = "diff \"${PODS_PODFILE_DIR_PATH}/Podfile.lock\" \"${PODS_ROOT}/Manifest.lock\" > /dev/null\nif [ $? != 0 ] ; then\n    # print error to STDERR\n    echo \"error: The sandbox is not in sync with the Podfile.lock. Run 'pod install' or update your CocoaPods installation.\" >&2\n    exit 1\nfi\n# This output is used by Xcode 'outputs' to avoid re-running this script phase.\necho \"SUCCESS\" > \"${SCRIPT_OUTPUT_FILE_0}\"\n";
			showEnvVarsInLog = 0;
		};
/* End PBXShellScriptBuildPhase section */

/* Begin PBXSourcesBuildPhase section */
		100FFC4F23F90A0F00ABB1FF /* Sources */ = {
			isa = PBXSourcesBuildPhase;
			buildActionMask = 2147483647;
			files = (
				10C6D9F523FC193600F8778A /* SlideInPresentationManager.swift in Sources */,
				10C6D9FC23FC1A7900F8778A /* RecipesViewController.swift in Sources */,
				10C8D7F223FE3ABA00BFFB96 /* CalendarViewController.swift in Sources */,
				10F5647D23FCBB440028F856 /* MainMenuViewController.swift in Sources */,
				10C6D9F823FC1A5200F8778A /* IngredientsTableViewController.swift in Sources */,
				100FFC5B23F90A0F00ABB1FF /* TabBarController.swift in Sources */,
				10C8D7FA23FEBC2800BFFB96 /* CalendarRecipesViewController.swift in Sources */,
				10C6D9FE23FC1A8E00F8778A /* RecipesTableViewController.swift in Sources */,
				10C6D9F423FC193600F8778A /* SlideInPresentationAnimator.swift in Sources */,
				100FFC5723F90A0F00ABB1FF /* AppDelegate.swift in Sources */,
				10C6D9FA23FC1A6700F8778A /* IngredientsViewController.swift in Sources */,
				10C6D9F623FC193700F8778A /* SlideInPresentationController.swift in Sources */,
				100FFC5923F90A0F00ABB1FF /* SceneDelegate.swift in Sources */,
			);
			runOnlyForDeploymentPostprocessing = 0;
		};
		100FFC6523F90A0F00ABB1FF /* Sources */ = {
			isa = PBXSourcesBuildPhase;
			buildActionMask = 2147483647;
			files = (
				100FFC6E23F90A0F00ABB1FF /* miCocinaEconomicaTests.swift in Sources */,
			);
			runOnlyForDeploymentPostprocessing = 0;
		};
		100FFC7023F90A1000ABB1FF /* Sources */ = {
			isa = PBXSourcesBuildPhase;
			buildActionMask = 2147483647;
			files = (
				100FFC7923F90A1000ABB1FF /* miCocinaEconomicaUITests.swift in Sources */,
			);
			runOnlyForDeploymentPostprocessing = 0;
		};
/* End PBXSourcesBuildPhase section */

/* Begin PBXTargetDependency section */
		100FFC6B23F90A0F00ABB1FF /* PBXTargetDependency */ = {
			isa = PBXTargetDependency;
			target = 100FFC5223F90A0F00ABB1FF /* miCocinaEconomica */;
			targetProxy = 100FFC6A23F90A0F00ABB1FF /* PBXContainerItemProxy */;
		};
		100FFC7623F90A1000ABB1FF /* PBXTargetDependency */ = {
			isa = PBXTargetDependency;
			target = 100FFC5223F90A0F00ABB1FF /* miCocinaEconomica */;
			targetProxy = 100FFC7523F90A1000ABB1FF /* PBXContainerItemProxy */;
		};
/* End PBXTargetDependency section */

/* Begin PBXVariantGroup section */
		100FFC5C23F90A0F00ABB1FF /* Main.storyboard */ = {
			isa = PBXVariantGroup;
			children = (
				100FFC5D23F90A0F00ABB1FF /* Base */,
			);
			name = Main.storyboard;
			sourceTree = "<group>";
		};
		100FFC6123F90A0F00ABB1FF /* LaunchScreen.storyboard */ = {
			isa = PBXVariantGroup;
			children = (
				100FFC6223F90A0F00ABB1FF /* Base */,
			);
			name = LaunchScreen.storyboard;
			sourceTree = "<group>";
		};
/* End PBXVariantGroup section */

/* Begin XCBuildConfiguration section */
		100FFC7B23F90A1000ABB1FF /* Debug */ = {
			isa = XCBuildConfiguration;
			buildSettings = {
				ALWAYS_SEARCH_USER_PATHS = NO;
				CLANG_ANALYZER_NONNULL = YES;
				CLANG_ANALYZER_NUMBER_OBJECT_CONVERSION = YES_AGGRESSIVE;
				CLANG_CXX_LANGUAGE_STANDARD = "gnu++14";
				CLANG_CXX_LIBRARY = "libc++";
				CLANG_ENABLE_MODULES = YES;
				CLANG_ENABLE_OBJC_ARC = YES;
				CLANG_ENABLE_OBJC_WEAK = YES;
				CLANG_WARN_BLOCK_CAPTURE_AUTORELEASING = YES;
				CLANG_WARN_BOOL_CONVERSION = YES;
				CLANG_WARN_COMMA = YES;
				CLANG_WARN_CONSTANT_CONVERSION = YES;
				CLANG_WARN_DEPRECATED_OBJC_IMPLEMENTATIONS = YES;
				CLANG_WARN_DIRECT_OBJC_ISA_USAGE = YES_ERROR;
				CLANG_WARN_DOCUMENTATION_COMMENTS = YES;
				CLANG_WARN_EMPTY_BODY = YES;
				CLANG_WARN_ENUM_CONVERSION = YES;
				CLANG_WARN_INFINITE_RECURSION = YES;
				CLANG_WARN_INT_CONVERSION = YES;
				CLANG_WARN_NON_LITERAL_NULL_CONVERSION = YES;
				CLANG_WARN_OBJC_IMPLICIT_RETAIN_SELF = YES;
				CLANG_WARN_OBJC_LITERAL_CONVERSION = YES;
				CLANG_WARN_OBJC_ROOT_CLASS = YES_ERROR;
				CLANG_WARN_RANGE_LOOP_ANALYSIS = YES;
				CLANG_WARN_STRICT_PROTOTYPES = YES;
				CLANG_WARN_SUSPICIOUS_MOVE = YES;
				CLANG_WARN_UNGUARDED_AVAILABILITY = YES_AGGRESSIVE;
				CLANG_WARN_UNREACHABLE_CODE = YES;
				CLANG_WARN__DUPLICATE_METHOD_MATCH = YES;
				COPY_PHASE_STRIP = NO;
				DEBUG_INFORMATION_FORMAT = dwarf;
				ENABLE_STRICT_OBJC_MSGSEND = YES;
				ENABLE_TESTABILITY = YES;
				GCC_C_LANGUAGE_STANDARD = gnu11;
				GCC_DYNAMIC_NO_PIC = NO;
				GCC_NO_COMMON_BLOCKS = YES;
				GCC_OPTIMIZATION_LEVEL = 0;
				GCC_PREPROCESSOR_DEFINITIONS = (
					"DEBUG=1",
					"$(inherited)",
				);
				GCC_WARN_64_TO_32_BIT_CONVERSION = YES;
				GCC_WARN_ABOUT_RETURN_TYPE = YES_ERROR;
				GCC_WARN_UNDECLARED_SELECTOR = YES;
				GCC_WARN_UNINITIALIZED_AUTOS = YES_AGGRESSIVE;
				GCC_WARN_UNUSED_FUNCTION = YES;
				GCC_WARN_UNUSED_VARIABLE = YES;
				IPHONEOS_DEPLOYMENT_TARGET = 13.2;
				MTL_ENABLE_DEBUG_INFO = INCLUDE_SOURCE;
				MTL_FAST_MATH = YES;
				ONLY_ACTIVE_ARCH = YES;
				SDKROOT = iphoneos;
				SWIFT_ACTIVE_COMPILATION_CONDITIONS = DEBUG;
				SWIFT_OPTIMIZATION_LEVEL = "-Onone";
			};
			name = Debug;
		};
		100FFC7C23F90A1000ABB1FF /* Release */ = {
			isa = XCBuildConfiguration;
			buildSettings = {
				ALWAYS_SEARCH_USER_PATHS = NO;
				CLANG_ANALYZER_NONNULL = YES;
				CLANG_ANALYZER_NUMBER_OBJECT_CONVERSION = YES_AGGRESSIVE;
				CLANG_CXX_LANGUAGE_STANDARD = "gnu++14";
				CLANG_CXX_LIBRARY = "libc++";
				CLANG_ENABLE_MODULES = YES;
				CLANG_ENABLE_OBJC_ARC = YES;
				CLANG_ENABLE_OBJC_WEAK = YES;
				CLANG_WARN_BLOCK_CAPTURE_AUTORELEASING = YES;
				CLANG_WARN_BOOL_CONVERSION = YES;
				CLANG_WARN_COMMA = YES;
				CLANG_WARN_CONSTANT_CONVERSION = YES;
				CLANG_WARN_DEPRECATED_OBJC_IMPLEMENTATIONS = YES;
				CLANG_WARN_DIRECT_OBJC_ISA_USAGE = YES_ERROR;
				CLANG_WARN_DOCUMENTATION_COMMENTS = YES;
				CLANG_WARN_EMPTY_BODY = YES;
				CLANG_WARN_ENUM_CONVERSION = YES;
				CLANG_WARN_INFINITE_RECURSION = YES;
				CLANG_WARN_INT_CONVERSION = YES;
				CLANG_WARN_NON_LITERAL_NULL_CONVERSION = YES;
				CLANG_WARN_OBJC_IMPLICIT_RETAIN_SELF = YES;
				CLANG_WARN_OBJC_LITERAL_CONVERSION = YES;
				CLANG_WARN_OBJC_ROOT_CLASS = YES_ERROR;
				CLANG_WARN_RANGE_LOOP_ANALYSIS = YES;
				CLANG_WARN_STRICT_PROTOTYPES = YES;
				CLANG_WARN_SUSPICIOUS_MOVE = YES;
				CLANG_WARN_UNGUARDED_AVAILABILITY = YES_AGGRESSIVE;
				CLANG_WARN_UNREACHABLE_CODE = YES;
				CLANG_WARN__DUPLICATE_METHOD_MATCH = YES;
				COPY_PHASE_STRIP = NO;
				DEBUG_INFORMATION_FORMAT = "dwarf-with-dsym";
				ENABLE_NS_ASSERTIONS = NO;
				ENABLE_STRICT_OBJC_MSGSEND = YES;
				GCC_C_LANGUAGE_STANDARD = gnu11;
				GCC_NO_COMMON_BLOCKS = YES;
				GCC_WARN_64_TO_32_BIT_CONVERSION = YES;
				GCC_WARN_ABOUT_RETURN_TYPE = YES_ERROR;
				GCC_WARN_UNDECLARED_SELECTOR = YES;
				GCC_WARN_UNINITIALIZED_AUTOS = YES_AGGRESSIVE;
				GCC_WARN_UNUSED_FUNCTION = YES;
				GCC_WARN_UNUSED_VARIABLE = YES;
				IPHONEOS_DEPLOYMENT_TARGET = 13.2;
				MTL_ENABLE_DEBUG_INFO = NO;
				MTL_FAST_MATH = YES;
				SDKROOT = iphoneos;
				SWIFT_COMPILATION_MODE = wholemodule;
				SWIFT_OPTIMIZATION_LEVEL = "-O";
				VALIDATE_PRODUCT = YES;
			};
			name = Release;
		};
		100FFC7E23F90A1000ABB1FF /* Debug */ = {
			isa = XCBuildConfiguration;
			baseConfigurationReference = 7467F8C08ADA73C2F2B8CCD5 /* Pods-miCocinaEconomica.debug.xcconfig */;
			buildSettings = {
				ASSETCATALOG_COMPILER_APPICON_NAME = AppIcon;
				CODE_SIGN_STYLE = Automatic;
				INFOPLIST_FILE = miCocinaEconomica/Info.plist;
				LD_RUNPATH_SEARCH_PATHS = (
					"$(inherited)",
					"@executable_path/Frameworks",
				);
				PRODUCT_BUNDLE_IDENTIFIER = pk.gs.miCocinaEconomica;
				PRODUCT_NAME = "$(TARGET_NAME)";
				SWIFT_VERSION = 5.0;
				TARGETED_DEVICE_FAMILY = "1,2";
			};
			name = Debug;
		};
		100FFC7F23F90A1000ABB1FF /* Release */ = {
			isa = XCBuildConfiguration;
			baseConfigurationReference = 489AC8BC845380BA2BE9E419 /* Pods-miCocinaEconomica.release.xcconfig */;
			buildSettings = {
				ASSETCATALOG_COMPILER_APPICON_NAME = AppIcon;
				CODE_SIGN_STYLE = Automatic;
				INFOPLIST_FILE = miCocinaEconomica/Info.plist;
				LD_RUNPATH_SEARCH_PATHS = (
					"$(inherited)",
					"@executable_path/Frameworks",
				);
				PRODUCT_BUNDLE_IDENTIFIER = pk.gs.miCocinaEconomica;
				PRODUCT_NAME = "$(TARGET_NAME)";
				SWIFT_VERSION = 5.0;
				TARGETED_DEVICE_FAMILY = "1,2";
			};
			name = Release;
		};
		100FFC8123F90A1000ABB1FF /* Debug */ = {
			isa = XCBuildConfiguration;
			baseConfigurationReference = A206A8EDE2A87D763D36C48A /* Pods-miCocinaEconomicaTests.debug.xcconfig */;
			buildSettings = {
				ALWAYS_EMBED_SWIFT_STANDARD_LIBRARIES = YES;
				BUNDLE_LOADER = "$(TEST_HOST)";
				CODE_SIGN_STYLE = Automatic;
				INFOPLIST_FILE = miCocinaEconomicaTests/Info.plist;
				IPHONEOS_DEPLOYMENT_TARGET = 13.2;
				LD_RUNPATH_SEARCH_PATHS = (
					"$(inherited)",
					"@executable_path/Frameworks",
					"@loader_path/Frameworks",
				);
				PRODUCT_BUNDLE_IDENTIFIER = pk.gs.miCocinaEconomicaTests;
				PRODUCT_NAME = "$(TARGET_NAME)";
				SWIFT_VERSION = 5.0;
				TARGETED_DEVICE_FAMILY = "1,2";
				TEST_HOST = "$(BUILT_PRODUCTS_DIR)/miCocinaEconomica.app/miCocinaEconomica";
			};
			name = Debug;
		};
		100FFC8223F90A1000ABB1FF /* Release */ = {
			isa = XCBuildConfiguration;
			baseConfigurationReference = 78E079A4B9179F68EFCF5B71 /* Pods-miCocinaEconomicaTests.release.xcconfig */;
			buildSettings = {
				ALWAYS_EMBED_SWIFT_STANDARD_LIBRARIES = YES;
				BUNDLE_LOADER = "$(TEST_HOST)";
				CODE_SIGN_STYLE = Automatic;
				INFOPLIST_FILE = miCocinaEconomicaTests/Info.plist;
				IPHONEOS_DEPLOYMENT_TARGET = 13.2;
				LD_RUNPATH_SEARCH_PATHS = (
					"$(inherited)",
					"@executable_path/Frameworks",
					"@loader_path/Frameworks",
				);
				PRODUCT_BUNDLE_IDENTIFIER = pk.gs.miCocinaEconomicaTests;
				PRODUCT_NAME = "$(TARGET_NAME)";
				SWIFT_VERSION = 5.0;
				TARGETED_DEVICE_FAMILY = "1,2";
				TEST_HOST = "$(BUILT_PRODUCTS_DIR)/miCocinaEconomica.app/miCocinaEconomica";
			};
			name = Release;
		};
		100FFC8423F90A1000ABB1FF /* Debug */ = {
			isa = XCBuildConfiguration;
			baseConfigurationReference = 436B1569AE1BED148FC21CEE /* Pods-miCocinaEconomica-miCocinaEconomicaUITests.debug.xcconfig */;
			buildSettings = {
				ALWAYS_EMBED_SWIFT_STANDARD_LIBRARIES = YES;
				CODE_SIGN_STYLE = Automatic;
				INFOPLIST_FILE = miCocinaEconomicaUITests/Info.plist;
				LD_RUNPATH_SEARCH_PATHS = (
					"$(inherited)",
					"@executable_path/Frameworks",
					"@loader_path/Frameworks",
				);
				PRODUCT_BUNDLE_IDENTIFIER = pk.gs.miCocinaEconomicaUITests;
				PRODUCT_NAME = "$(TARGET_NAME)";
				SWIFT_VERSION = 5.0;
				TARGETED_DEVICE_FAMILY = "1,2";
				TEST_TARGET_NAME = miCocinaEconomica;
			};
			name = Debug;
		};
		100FFC8523F90A1000ABB1FF /* Release */ = {
			isa = XCBuildConfiguration;
			baseConfigurationReference = E4D3F571210A6F4F532AB560 /* Pods-miCocinaEconomica-miCocinaEconomicaUITests.release.xcconfig */;
			buildSettings = {
				ALWAYS_EMBED_SWIFT_STANDARD_LIBRARIES = YES;
				CODE_SIGN_STYLE = Automatic;
				INFOPLIST_FILE = miCocinaEconomicaUITests/Info.plist;
				LD_RUNPATH_SEARCH_PATHS = (
					"$(inherited)",
					"@executable_path/Frameworks",
					"@loader_path/Frameworks",
				);
				PRODUCT_BUNDLE_IDENTIFIER = pk.gs.miCocinaEconomicaUITests;
				PRODUCT_NAME = "$(TARGET_NAME)";
				SWIFT_VERSION = 5.0;
				TARGETED_DEVICE_FAMILY = "1,2";
				TEST_TARGET_NAME = miCocinaEconomica;
			};
			name = Release;
		};
/* End XCBuildConfiguration section */

/* Begin XCConfigurationList section */
		100FFC4E23F90A0F00ABB1FF /* Build configuration list for PBXProject "miCocinaEconomica" */ = {
			isa = XCConfigurationList;
			buildConfigurations = (
				100FFC7B23F90A1000ABB1FF /* Debug */,
				100FFC7C23F90A1000ABB1FF /* Release */,
			);
			defaultConfigurationIsVisible = 0;
			defaultConfigurationName = Release;
		};
		100FFC7D23F90A1000ABB1FF /* Build configuration list for PBXNativeTarget "miCocinaEconomica" */ = {
			isa = XCConfigurationList;
			buildConfigurations = (
				100FFC7E23F90A1000ABB1FF /* Debug */,
				100FFC7F23F90A1000ABB1FF /* Release */,
			);
			defaultConfigurationIsVisible = 0;
			defaultConfigurationName = Release;
		};
		100FFC8023F90A1000ABB1FF /* Build configuration list for PBXNativeTarget "miCocinaEconomicaTests" */ = {
			isa = XCConfigurationList;
			buildConfigurations = (
				100FFC8123F90A1000ABB1FF /* Debug */,
				100FFC8223F90A1000ABB1FF /* Release */,
			);
			defaultConfigurationIsVisible = 0;
			defaultConfigurationName = Release;
		};
		100FFC8323F90A1000ABB1FF /* Build configuration list for PBXNativeTarget "miCocinaEconomicaUITests" */ = {
			isa = XCConfigurationList;
			buildConfigurations = (
				100FFC8423F90A1000ABB1FF /* Debug */,
				100FFC8523F90A1000ABB1FF /* Release */,
			);
			defaultConfigurationIsVisible = 0;
			defaultConfigurationName = Release;
		};
/* End XCConfigurationList section */
	};
	rootObject = 100FFC4B23F90A0F00ABB1FF /* Project object */;
}
